
Microsoft Visual Studio Solution File, Format Version 12.00
# Visual Studio Version 16
VisualStudioVersion = 16.0.29411.108
MinimumVisualStudioVersion = 10.0.40219.1
Project("{9A19103F-16F7-4668-BE54-9A1E7A4F7556}") = "Alexa.NET.SkillFlow.Generator", "Alexa.NET.SkillFlow.Generator\Alexa.NET.SkillFlow.Generator.csproj", "{64C8B6DF-2598-4BD1-8865-34576A35F352}"
EndProject
Project("{FAE04EC0-301F-11D3-BF4B-00C04F79EFBC}") = "Alexa.NET.SkillFlow.Generator.Tests", "Alexa.NET.SkillFlow.Generator.Tests\Alexa.NET.SkillFlow.Generator.Tests.csproj", "{9BBFC0FC-8FF4-4891-AB66-21050DEB431D}"
EndProject
Global
	GlobalSection(SolutionConfigurationPlatforms) = preSolution
		Debug|Any CPU = Debug|Any CPU
		Release|Any CPU = Release|Any CPU
	EndGlobalSection
	GlobalSection(ProjectConfigurationPlatforms) = postSolution
		{64C8B6DF-2598-4BD1-8865-34576A35F352}.Debug|Any CPU.ActiveCfg = Debug|Any CPU
		{64C8B6DF-2598-4BD1-8865-34576A35F352}.Debug|Any CPU.Build.0 = Debug|Any CPU
		{64C8B6DF-2598-4BD1-8865-34576A35F352}.Release|Any CPU.ActiveCfg = Release|Any CPU
		{64C8B6DF-2598-4BD1-8865-34576A35F352}.Release|Any CPU.Build.0 = Release|Any CPU
		{9BBFC0FC-8FF4-4891-AB66-21050DEB431D}.Debug|Any CPU.ActiveCfg = Debug|Any CPU
		{9BBFC0FC-8FF4-4891-AB66-21050DEB431D}.Debug|Any CPU.Build.0 = Debug|Any CPU
		{9BBFC0FC-8FF4-4891-AB66-21050DEB431D}.Release|Any CPU.ActiveCfg = Release|Any CPU
		{9BBFC0FC-8FF4-4891-AB66-21050DEB431D}.Release|Any CPU.Build.0 = Release|Any CPU
	EndGlobalSection
	GlobalSection(SolutionProperties) = preSolution
		HideSolutionNode = FALSE
	EndGlobalSection
	GlobalSection(ExtensibilityGlobals) = postSolution
		SolutionGuid = {DB08A954-D19B-4100-9AD2-67044FCC58A1}
	EndGlobalSection
EndGlobal
